
Microsoft Visual Studio Solution File, Format Version 12.00
# Visual Studio Version 17
VisualStudioVersion = 17.4.33122.133
MinimumVisualStudioVersion = 10.0.40219.1
Project("{8BC9CEB8-8B4A-11D0-8D11-00A0C91BC942}") = "opencvTest", "opencvTest\opencvTest.vcxproj", "{9AEC7B73-3F23-4DF3-AA67-B4C08BA6DC90}"
EndProject
Global
	GlobalSection(SolutionConfigurationPlatforms) = preSolution
		Debug|x64 = Debug|x64
		Debug|x86 = Debug|x86
		Release|x64 = Release|x64
		Release|x86 = Release|x86
	EndGlobalSection
	GlobalSection(ProjectConfigurationPlatforms) = postSolution
		{9AEC7B73-3F23-4DF3-AA67-B4C08BA6DC90}.Debug|x64.ActiveCfg = Debug|x64
		{9AEC7B73-3F23-4DF3-AA67-B4C08BA6DC90}.Debug|x64.Build.0 = Debug|x64
		{9AEC7B73-3F23-4DF3-AA67-B4C08BA6DC90}.Debug|x86.ActiveCfg = Debug|Win32
		{9AEC7B73-3F23-4DF3-AA67-B4C08BA6DC90}.Debug|x86.Build.0 = Debug|Win32
		{9AEC7B73-3F23-4DF3-AA67-B4C08BA6DC90}.Release|x64.ActiveCfg = Release|x64
		{9AEC7B73-3F23-4DF3-AA67-B4C08BA6DC90}.Release|x64.Build.0 = Release|x64
		{9AEC7B73-3F23-4DF3-AA67-B4C08BA6DC90}.Release|x86.ActiveCfg = Release|Win32
		{9AEC7B73-3F23-4DF3-AA67-B4C08BA6DC90}.Release|x86.Build.0 = Release|Win32
	EndGlobalSection
	GlobalSection(SolutionProperties) = preSolution
		HideSolutionNode = FALSE
	EndGlobalSection
	GlobalSection(ExtensibilityGlobals) = postSolution
		SolutionGuid = {215B0887-CEC0-45E7-830B-7113362F9363}
	EndGlobalSection
EndGlobal
